
Microsoft Visual Studio Solution File, Format Version 12.00
# Visual Studio Version 17
VisualStudioVersion = 17.3.32819.101
MinimumVisualStudioVersion = 10.0.40219.1
Project("{FAE04EC0-301F-11D3-BF4B-00C04F79EFBC}") = "generate_flow_networks", "generate_flow_networks\generate_flow_networks.csproj", "{5F018001-7C77-4F69-8376-4D59F19B5C16}"
EndProject
Global
	GlobalSection(SolutionConfigurationPlatforms) = preSolution
		Debug|Any CPU = Debug|Any CPU
		Release|Any CPU = Release|Any CPU
	EndGlobalSection
	GlobalSection(ProjectConfigurationPlatforms) = postSolution
		{5F018001-7C77-4F69-8376-4D59F19B5C16}.Debug|Any CPU.ActiveCfg = Debug|Any CPU
		{5F018001-7C77-4F69-8376-4D59F19B5C16}.Debug|Any CPU.Build.0 = Debug|Any CPU
		{5F018001-7C77-4F69-8376-4D59F19B5C16}.Release|Any CPU.ActiveCfg = Release|Any CPU
		{5F018001-7C77-4F69-8376-4D59F19B5C16}.Release|Any CPU.Build.0 = Release|Any CPU
	EndGlobalSection
	GlobalSection(SolutionProperties) = preSolution
		HideSolutionNode = FALSE
	EndGlobalSection
	GlobalSection(ExtensibilityGlobals) = postSolution
		SolutionGuid = {011BC83F-4494-44FB-BB72-B039728BA29C}
	EndGlobalSection
EndGlobal
